
Microsoft Visual Studio Solution File, Format Version 12.00
# Visual Studio Version 17
VisualStudioVersion = 17.11.35303.130
MinimumVisualStudioVersion = 10.0.40219.1
Project("{FAE04EC0-301F-11D3-BF4B-00C04F79EFBC}") = "PalcoLivre", "PalcoLivre.csproj", "{49576A1D-A257-4B43-8A6E-DABBF53B8D90}"
EndProject
Global
	GlobalSection(SolutionConfigurationPlatforms) = preSolution
		Debug|Any CPU = Debug|Any CPU
		Release|Any CPU = Release|Any CPU
	EndGlobalSection
	GlobalSection(ProjectConfigurationPlatforms) = postSolution
		{49576A1D-A257-4B43-8A6E-DABBF53B8D90}.Debug|Any CPU.ActiveCfg = Debug|Any CPU
		{49576A1D-A257-4B43-8A6E-DABBF53B8D90}.Debug|Any CPU.Build.0 = Debug|Any CPU
		{49576A1D-A257-4B43-8A6E-DABBF53B8D90}.Release|Any CPU.ActiveCfg = Release|Any CPU
		{49576A1D-A257-4B43-8A6E-DABBF53B8D90}.Release|Any CPU.Build.0 = Release|Any CPU
	EndGlobalSection
	GlobalSection(SolutionProperties) = preSolution
		HideSolutionNode = FALSE
	EndGlobalSection
	GlobalSection(ExtensibilityGlobals) = postSolution
		SolutionGuid = {045DD3F7-B828-45DD-BC1D-DC34C5F74B32}
	EndGlobalSection
EndGlobal
